
Microsoft Visual Studio Solution File, Format Version 12.00
# Visual Studio Version 17
VisualStudioVersion = 17.5.2.0
MinimumVisualStudioVersion = 10.0.40219.1
Project("{FAE04EC0-301F-11D3-BF4B-00C04F79EFBC}") = "Listas", "Listas.csproj", "{1074F42A-7F38-0A8F-6CD9-2C7622659008}"
EndProject
Project("{FAE04EC0-301F-11D3-BF4B-00C04F79EFBC}") = "AgendaDictionary", "..\Diccionarios\AgendaDictionary\AgendaDictionary.csproj", "{2F60FF5E-A0D5-42CC-A6BE-67575B165290}"
EndProject
Global
	GlobalSection(SolutionConfigurationPlatforms) = preSolution
		Debug|Any CPU = Debug|Any CPU
		Debug|x64 = Debug|x64
		Debug|x86 = Debug|x86
		Release|Any CPU = Release|Any CPU
		Release|x64 = Release|x64
		Release|x86 = Release|x86
	EndGlobalSection
	GlobalSection(ProjectConfigurationPlatforms) = postSolution
		{1074F42A-7F38-0A8F-6CD9-2C7622659008}.Debug|Any CPU.ActiveCfg = Debug|Any CPU
		{1074F42A-7F38-0A8F-6CD9-2C7622659008}.Debug|Any CPU.Build.0 = Debug|Any CPU
		{1074F42A-7F38-0A8F-6CD9-2C7622659008}.Debug|x64.ActiveCfg = Debug|Any CPU
		{1074F42A-7F38-0A8F-6CD9-2C7622659008}.Debug|x64.Build.0 = Debug|Any CPU
		{1074F42A-7F38-0A8F-6CD9-2C7622659008}.Debug|x86.ActiveCfg = Debug|Any CPU
		{1074F42A-7F38-0A8F-6CD9-2C7622659008}.Debug|x86.Build.0 = Debug|Any CPU
		{1074F42A-7F38-0A8F-6CD9-2C7622659008}.Release|Any CPU.ActiveCfg = Release|Any CPU
		{1074F42A-7F38-0A8F-6CD9-2C7622659008}.Release|Any CPU.Build.0 = Release|Any CPU
		{1074F42A-7F38-0A8F-6CD9-2C7622659008}.Release|x64.ActiveCfg = Release|Any CPU
		{1074F42A-7F38-0A8F-6CD9-2C7622659008}.Release|x64.Build.0 = Release|Any CPU
		{1074F42A-7F38-0A8F-6CD9-2C7622659008}.Release|x86.ActiveCfg = Release|Any CPU
		{1074F42A-7F38-0A8F-6CD9-2C7622659008}.Release|x86.Build.0 = Release|Any CPU
		{2F60FF5E-A0D5-42CC-A6BE-67575B165290}.Debug|Any CPU.ActiveCfg = Debug|Any CPU
		{2F60FF5E-A0D5-42CC-A6BE-67575B165290}.Debug|Any CPU.Build.0 = Debug|Any CPU
		{2F60FF5E-A0D5-42CC-A6BE-67575B165290}.Debug|x64.ActiveCfg = Debug|Any CPU
		{2F60FF5E-A0D5-42CC-A6BE-67575B165290}.Debug|x64.Build.0 = Debug|Any CPU
		{2F60FF5E-A0D5-42CC-A6BE-67575B165290}.Debug|x86.ActiveCfg = Debug|Any CPU
		{2F60FF5E-A0D5-42CC-A6BE-67575B165290}.Debug|x86.Build.0 = Debug|Any CPU
		{2F60FF5E-A0D5-42CC-A6BE-67575B165290}.Release|Any CPU.ActiveCfg = Release|Any CPU
		{2F60FF5E-A0D5-42CC-A6BE-67575B165290}.Release|Any CPU.Build.0 = Release|Any CPU
		{2F60FF5E-A0D5-42CC-A6BE-67575B165290}.Release|x64.ActiveCfg = Release|Any CPU
		{2F60FF5E-A0D5-42CC-A6BE-67575B165290}.Release|x64.Build.0 = Release|Any CPU
		{2F60FF5E-A0D5-42CC-A6BE-67575B165290}.Release|x86.ActiveCfg = Release|Any CPU
		{2F60FF5E-A0D5-42CC-A6BE-67575B165290}.Release|x86.Build.0 = Release|Any CPU
	EndGlobalSection
	GlobalSection(SolutionProperties) = preSolution
		HideSolutionNode = FALSE
	EndGlobalSection
	GlobalSection(ExtensibilityGlobals) = postSolution
		SolutionGuid = {C6D3E079-10C7-4157-98ED-127846CFE768}
	EndGlobalSection
EndGlobal
