
Microsoft Visual Studio Solution File, Format Version 12.00
# Visual Studio Version 17
VisualStudioVersion = 17.5.2.0
MinimumVisualStudioVersion = 10.0.40219.1
Project("{FAE04EC0-301F-11D3-BF4B-00C04F79EFBC}") = "Juego", "Juego.csproj", "{2A46D89C-58E0-693B-300B-45C9D3D23414}"
EndProject
Project("{FAE04EC0-301F-11D3-BF4B-00C04F79EFBC}") = "Exceptiones", "..\..\..\..\..\..\Videos\FUND\Exceptiones\Exceptiones.csproj", "{B79B64C9-1EB1-4EFF-9A13-6F0EF989FCB2}"
EndProject
Global
	GlobalSection(SolutionConfigurationPlatforms) = preSolution
		Debug|Any CPU = Debug|Any CPU
		Debug|x64 = Debug|x64
		Debug|x86 = Debug|x86
		Release|Any CPU = Release|Any CPU
		Release|x64 = Release|x64
		Release|x86 = Release|x86
	EndGlobalSection
	GlobalSection(ProjectConfigurationPlatforms) = postSolution
		{2A46D89C-58E0-693B-300B-45C9D3D23414}.Debug|Any CPU.ActiveCfg = Debug|Any CPU
		{2A46D89C-58E0-693B-300B-45C9D3D23414}.Debug|Any CPU.Build.0 = Debug|Any CPU
		{2A46D89C-58E0-693B-300B-45C9D3D23414}.Debug|x64.ActiveCfg = Debug|Any CPU
		{2A46D89C-58E0-693B-300B-45C9D3D23414}.Debug|x64.Build.0 = Debug|Any CPU
		{2A46D89C-58E0-693B-300B-45C9D3D23414}.Debug|x86.ActiveCfg = Debug|Any CPU
		{2A46D89C-58E0-693B-300B-45C9D3D23414}.Debug|x86.Build.0 = Debug|Any CPU
		{2A46D89C-58E0-693B-300B-45C9D3D23414}.Release|Any CPU.ActiveCfg = Release|Any CPU
		{2A46D89C-58E0-693B-300B-45C9D3D23414}.Release|Any CPU.Build.0 = Release|Any CPU
		{2A46D89C-58E0-693B-300B-45C9D3D23414}.Release|x64.ActiveCfg = Release|Any CPU
		{2A46D89C-58E0-693B-300B-45C9D3D23414}.Release|x64.Build.0 = Release|Any CPU
		{2A46D89C-58E0-693B-300B-45C9D3D23414}.Release|x86.ActiveCfg = Release|Any CPU
		{2A46D89C-58E0-693B-300B-45C9D3D23414}.Release|x86.Build.0 = Release|Any CPU
		{B79B64C9-1EB1-4EFF-9A13-6F0EF989FCB2}.Debug|Any CPU.ActiveCfg = Debug|Any CPU
		{B79B64C9-1EB1-4EFF-9A13-6F0EF989FCB2}.Debug|Any CPU.Build.0 = Debug|Any CPU
		{B79B64C9-1EB1-4EFF-9A13-6F0EF989FCB2}.Debug|x64.ActiveCfg = Debug|Any CPU
		{B79B64C9-1EB1-4EFF-9A13-6F0EF989FCB2}.Debug|x64.Build.0 = Debug|Any CPU
		{B79B64C9-1EB1-4EFF-9A13-6F0EF989FCB2}.Debug|x86.ActiveCfg = Debug|Any CPU
		{B79B64C9-1EB1-4EFF-9A13-6F0EF989FCB2}.Debug|x86.Build.0 = Debug|Any CPU
		{B79B64C9-1EB1-4EFF-9A13-6F0EF989FCB2}.Release|Any CPU.ActiveCfg = Release|Any CPU
		{B79B64C9-1EB1-4EFF-9A13-6F0EF989FCB2}.Release|Any CPU.Build.0 = Release|Any CPU
		{B79B64C9-1EB1-4EFF-9A13-6F0EF989FCB2}.Release|x64.ActiveCfg = Release|Any CPU
		{B79B64C9-1EB1-4EFF-9A13-6F0EF989FCB2}.Release|x64.Build.0 = Release|Any CPU
		{B79B64C9-1EB1-4EFF-9A13-6F0EF989FCB2}.Release|x86.ActiveCfg = Release|Any CPU
		{B79B64C9-1EB1-4EFF-9A13-6F0EF989FCB2}.Release|x86.Build.0 = Release|Any CPU
	EndGlobalSection
	GlobalSection(SolutionProperties) = preSolution
		HideSolutionNode = FALSE
	EndGlobalSection
	GlobalSection(ExtensibilityGlobals) = postSolution
		SolutionGuid = {C507825A-28BA-4435-A27D-7667D7D32F0C}
	EndGlobalSection
EndGlobal
