Microsoft Visual Studio Solution File, Format Version 12.00
# Visual Studio Version 17
VisualStudioVersion = 17.5.2.0
MinimumVisualStudioVersion = 10.0.40219.1
Project("{FAE04EC0-301F-11D3-BF4B-00C04F79EFBC}") = "AgendaDictionary", "AgendaDictionary\AgendaDictionary.csproj", "{D72A124B-3ABB-C81F-A3C9-45EAE7FCD2EC}"
EndProject
Global
	GlobalSection(SolutionConfigurationPlatforms) = preSolution
		Debug|Any CPU = Debug|Any CPU
		Release|Any CPU = Release|Any CPU
	EndGlobalSection
	GlobalSection(ProjectConfigurationPlatforms) = postSolution
		{D72A124B-3ABB-C81F-A3C9-45EAE7FCD2EC}.Debug|Any CPU.ActiveCfg = Debug|Any CPU
		{D72A124B-3ABB-C81F-A3C9-45EAE7FCD2EC}.Debug|Any CPU.Build.0 = Debug|Any CPU
		{D72A124B-3ABB-C81F-A3C9-45EAE7FCD2EC}.Release|Any CPU.ActiveCfg = Release|Any CPU
		{D72A124B-3ABB-C81F-A3C9-45EAE7FCD2EC}.Release|Any CPU.Build.0 = Release|Any CPU
	EndGlobalSection
	GlobalSection(SolutionProperties) = preSolution
		HideSolutionNode = FALSE
	EndGlobalSection
	GlobalSection(ExtensibilityGlobals) = postSolution
		SolutionGuid = {82CAED8D-66B0-4691-BD2E-9681F0963684}
	EndGlobalSection
EndGlobal
